
Microsoft Visual Studio Solution File, Format Version 12.00
# Visual Studio 2017
Project("{FAE04EC0-301F-11D3-BF4B-00C04F79EFBC}") = "thelastone-master", "thelastone-master.csproj", "{6D4DE924-0C0A-3174-1ACD-55225CBEC457}"
EndProject
Project("{FAE04EC0-301F-11D3-BF4B-00C04F79EFBC}") = "thelastone-master.Plugins", "thelastone-master.Plugins.csproj", "{9F0B106F-31C8-D555-507E-A927C3DCBC6B}"
EndProject
Global
	GlobalSection(SolutionConfigurationPlatforms) = preSolution
		Debug|Any CPU = Debug|Any CPU
		Release|Any CPU = Release|Any CPU
	EndGlobalSection
	GlobalSection(ProjectConfigurationPlatforms) = postSolution
		{6D4DE924-0C0A-3174-1ACD-55225CBEC457}.Debug|Any CPU.ActiveCfg = Debug|Any CPU
		{6D4DE924-0C0A-3174-1ACD-55225CBEC457}.Debug|Any CPU.Build.0 = Debug|Any CPU
		{6D4DE924-0C0A-3174-1ACD-55225CBEC457}.Release|Any CPU.ActiveCfg = Release|Any CPU
		{6D4DE924-0C0A-3174-1ACD-55225CBEC457}.Release|Any CPU.Build.0 = Release|Any CPU
		{9F0B106F-31C8-D555-507E-A927C3DCBC6B}.Debug|Any CPU.ActiveCfg = Debug|Any CPU
		{9F0B106F-31C8-D555-507E-A927C3DCBC6B}.Debug|Any CPU.Build.0 = Debug|Any CPU
		{9F0B106F-31C8-D555-507E-A927C3DCBC6B}.Release|Any CPU.ActiveCfg = Release|Any CPU
		{9F0B106F-31C8-D555-507E-A927C3DCBC6B}.Release|Any CPU.Build.0 = Release|Any CPU
	EndGlobalSection
	GlobalSection(SolutionProperties) = preSolution
		HideSolutionNode = FALSE
	EndGlobalSection
EndGlobal
