
Microsoft Visual Studio Solution File, Format Version 12.00
# Visual Studio 15
Project("{FAE04EC0-301F-11D3-BF4B-00C04F79EFBC}") = "TLO-master", "Assembly-CSharp.csproj", "{4F0F73CF-537E-7A62-111B-6028485166C2}"
EndProject
Project("{FAE04EC0-301F-11D3-BF4B-00C04F79EFBC}") = "TLO-master", "Assembly-CSharp-firstpass.csproj", "{B7629E9E-D7D4-A345-3602-CB9B157FB700}"
EndProject
Global
	GlobalSection(SolutionConfigurationPlatforms) = preSolution
		Debug|Any CPU = Debug|Any CPU
		Release|Any CPU = Release|Any CPU
	EndGlobalSection
	GlobalSection(ProjectConfigurationPlatforms) = postSolution
		{4F0F73CF-537E-7A62-111B-6028485166C2}.Debug|Any CPU.ActiveCfg = Debug|Any CPU
		{4F0F73CF-537E-7A62-111B-6028485166C2}.Debug|Any CPU.Build.0 = Debug|Any CPU
		{4F0F73CF-537E-7A62-111B-6028485166C2}.Release|Any CPU.ActiveCfg = Release|Any CPU
		{4F0F73CF-537E-7A62-111B-6028485166C2}.Release|Any CPU.Build.0 = Release|Any CPU
		{B7629E9E-D7D4-A345-3602-CB9B157FB700}.Debug|Any CPU.ActiveCfg = Debug|Any CPU
		{B7629E9E-D7D4-A345-3602-CB9B157FB700}.Debug|Any CPU.Build.0 = Debug|Any CPU
		{B7629E9E-D7D4-A345-3602-CB9B157FB700}.Release|Any CPU.ActiveCfg = Release|Any CPU
		{B7629E9E-D7D4-A345-3602-CB9B157FB700}.Release|Any CPU.Build.0 = Release|Any CPU
	EndGlobalSection
	GlobalSection(SolutionProperties) = preSolution
		HideSolutionNode = FALSE
	EndGlobalSection
EndGlobal
